// !$*UTF8*$!
{
	archiveVersion = 1;
	classes = {
	};
	objectVersion = 50;
	objects = {

/* Begin PBXBuildFile section */
		1D08F5E7229479E10084AB11 /* Notes.xcdatamodeld in Sources */ = {isa = PBXBuildFile; fileRef = 1D08F5E5229479E10084AB11 /* Notes.xcdatamodeld */; };
		1D08F5E922947BE80084AB11 /* EmptyTableView.swift in Sources */ = {isa = PBXBuildFile; fileRef = 1D08F5E822947BE80084AB11 /* EmptyTableView.swift */; };
		1D08F5EB22948BC10084AB11 /* AppManager.swift in Sources */ = {isa = PBXBuildFile; fileRef = 1D08F5EA22948BC10084AB11 /* AppManager.swift */; };
		1D08F5ED22948C0A0084AB11 /* CoreDataStack.swift in Sources */ = {isa = PBXBuildFile; fileRef = 1D08F5EC22948C090084AB11 /* CoreDataStack.swift */; };
		1D12CE0422955270004AE0B0 /* Extension.swift in Sources */ = {isa = PBXBuildFile; fileRef = 1D12CE0322955270004AE0B0 /* Extension.swift */; };
		1D12CE0F22955B29004AE0B0 /* Localizable.strings in Resources */ = {isa = PBXBuildFile; fileRef = 1D12CE1122955B29004AE0B0 /* Localizable.strings */; };
		1D12CE1422955C98004AE0B0 /* Localization.swift in Sources */ = {isa = PBXBuildFile; fileRef = 1D12CE1322955C98004AE0B0 /* Localization.swift */; };
		1D1F5A8B2293094000E2A2A7 /* AppDelegate.swift in Sources */ = {isa = PBXBuildFile; fileRef = 1D1F5A8A2293094000E2A2A7 /* AppDelegate.swift */; };
		1D1F5A8D2293094000E2A2A7 /* NoteListVC.swift in Sources */ = {isa = PBXBuildFile; fileRef = 1D1F5A8C2293094000E2A2A7 /* NoteListVC.swift */; };
		1D1F5A902293094000E2A2A7 /* Main.storyboard in Resources */ = {isa = PBXBuildFile; fileRef = 1D1F5A8E2293094000E2A2A7 /* Main.storyboard */; };
		1D1F5A922293094200E2A2A7 /* Assets.xcassets in Resources */ = {isa = PBXBuildFile; fileRef = 1D1F5A912293094200E2A2A7 /* Assets.xcassets */; };
		1D1F5A952293094200E2A2A7 /* LaunchScreen.storyboard in Resources */ = {isa = PBXBuildFile; fileRef = 1D1F5A932293094200E2A2A7 /* LaunchScreen.storyboard */; };
		1D1F5A9D2293363B00E2A2A7 /* DetailedNoteVC.swift in Sources */ = {isa = PBXBuildFile; fileRef = 1D1F5A9C2293363B00E2A2A7 /* DetailedNoteVC.swift */; };
		1D490F5322946FE100E6BD36 /* NSManagedObjectContext+Extensions.swift in Sources */ = {isa = PBXBuildFile; fileRef = 1D490F4522946FE100E6BD36 /* NSManagedObjectContext+Extensions.swift */; };
		1D490F5C22946FE100E6BD36 /* Managed.swift in Sources */ = {isa = PBXBuildFile; fileRef = 1D490F4E22946FE100E6BD36 /* Managed.swift */; };
		1D490F622294717600E6BD36 /* TableViewDataSource.swift in Sources */ = {isa = PBXBuildFile; fileRef = 1D490F612294717600E6BD36 /* TableViewDataSource.swift */; };
		1DC7F44522943BE6004CBD41 /* Note.swift in Sources */ = {isa = PBXBuildFile; fileRef = 1DC7F44422943BE6004CBD41 /* Note.swift */; };
		1DC7F44922944AB9004CBD41 /* DetaliedNoteVCReadingState.swift in Sources */ = {isa = PBXBuildFile; fileRef = 1DC7F44822944AB9004CBD41 /* DetaliedNoteVCReadingState.swift */; };
		1DC7F44B22944AC2004CBD41 /* DetaliedNoteVCEditingState.swift in Sources */ = {isa = PBXBuildFile; fileRef = 1DC7F44A22944AC2004CBD41 /* DetaliedNoteVCEditingState.swift */; };
		1DC7F44D22944ACA004CBD41 /* DetaliedNoteVCInsertionState.swift in Sources */ = {isa = PBXBuildFile; fileRef = 1DC7F44C22944ACA004CBD41 /* DetaliedNoteVCInsertionState.swift */; };
		1DC8F48F22934AC200C1DBBD /* NoteCell.swift in Sources */ = {isa = PBXBuildFile; fileRef = 1DC8F48E22934AC200C1DBBD /* NoteCell.swift */; };
		1DC8F49222934BAB00C1DBBD /* Extension+Foundation.swift in Sources */ = {isa = PBXBuildFile; fileRef = 1DC8F49122934BAB00C1DBBD /* Extension+Foundation.swift */; };
		1DC8F49422934DA100C1DBBD /* Extension+UIKit.swift in Sources */ = {isa = PBXBuildFile; fileRef = 1DC8F49322934DA100C1DBBD /* Extension+UIKit.swift */; };
		1DC8F49622934ECF00C1DBBD /* AppStoruboard.swift in Sources */ = {isa = PBXBuildFile; fileRef = 1DC8F49522934ECF00C1DBBD /* AppStoruboard.swift */; };
		3A40AE7DE389F685DB2EBC50 /* Pods_Notes.framework in Frameworks */ = {isa = PBXBuildFile; fileRef = 75FD28E204686EB91FFCC1CE /* Pods_Notes.framework */; };
/* End PBXBuildFile section */

/* Begin PBXFileReference section */
		1D08F5E6229479E10084AB11 /* Notes.xcdatamodel */ = {isa = PBXFileReference; lastKnownFileType = wrapper.xcdatamodel; path = Notes.xcdatamodel; sourceTree = "<group>"; };
		1D08F5E822947BE80084AB11 /* EmptyTableView.swift */ = {isa = PBXFileReference; lastKnownFileType = sourcecode.swift; path = EmptyTableView.swift; sourceTree = "<group>"; };
		1D08F5EA22948BC10084AB11 /* AppManager.swift */ = {isa = PBXFileReference; lastKnownFileType = sourcecode.swift; path = AppManager.swift; sourceTree = "<group>"; };
		1D08F5EC22948C090084AB11 /* CoreDataStack.swift */ = {isa = PBXFileReference; lastKnownFileType = sourcecode.swift; path = CoreDataStack.swift; sourceTree = "<group>"; };
		1D12CE0322955270004AE0B0 /* Extension.swift */ = {isa = PBXFileReference; lastKnownFileType = sourcecode.swift; path = Extension.swift; sourceTree = "<group>"; };
		1D12CE1022955B29004AE0B0 /* ru */ = {isa = PBXFileReference; lastKnownFileType = text.plist.strings; name = ru; path = ru.lproj/Localizable.strings; sourceTree = "<group>"; };
		1D12CE1222955B30004AE0B0 /* en */ = {isa = PBXFileReference; lastKnownFileType = text.plist.strings; name = en; path = en.lproj/Localizable.strings; sourceTree = "<group>"; };
		1D12CE1322955C98004AE0B0 /* Localization.swift */ = {isa = PBXFileReference; fileEncoding = 4; lastKnownFileType = sourcecode.swift; path = Localization.swift; sourceTree = "<group>"; };
		1D12CE2022956740004AE0B0 /* Info.plist */ = {isa = PBXFileReference; fileEncoding = 4; lastKnownFileType = text.plist.xml; path = Info.plist; sourceTree = "<group>"; };
		1D1F5A872293094000E2A2A7 /* Notes.app */ = {isa = PBXFileReference; explicitFileType = wrapper.application; includeInIndex = 0; path = Notes.app; sourceTree = BUILT_PRODUCTS_DIR; };
		1D1F5A8A2293094000E2A2A7 /* AppDelegate.swift */ = {isa = PBXFileReference; lastKnownFileType = sourcecode.swift; path = AppDelegate.swift; sourceTree = "<group>"; };
		1D1F5A8C2293094000E2A2A7 /* NoteListVC.swift */ = {isa = PBXFileReference; lastKnownFileType = sourcecode.swift; path = NoteListVC.swift; sourceTree = "<group>"; };
		1D1F5A8F2293094000E2A2A7 /* Base */ = {isa = PBXFileReference; lastKnownFileType = file.storyboard; name = Base; path = Base.lproj/Main.storyboard; sourceTree = "<group>"; };
		1D1F5A912293094200E2A2A7 /* Assets.xcassets */ = {isa = PBXFileReference; lastKnownFileType = folder.assetcatalog; path = Assets.xcassets; sourceTree = "<group>"; };
		1D1F5A942293094200E2A2A7 /* Base */ = {isa = PBXFileReference; lastKnownFileType = file.storyboard; name = Base; path = Base.lproj/LaunchScreen.storyboard; sourceTree = "<group>"; };
		1D1F5A9C2293363B00E2A2A7 /* DetailedNoteVC.swift */ = {isa = PBXFileReference; lastKnownFileType = sourcecode.swift; path = DetailedNoteVC.swift; sourceTree = "<group>"; };
		1D490F4522946FE100E6BD36 /* NSManagedObjectContext+Extensions.swift */ = {isa = PBXFileReference; fileEncoding = 4; lastKnownFileType = sourcecode.swift; path = "NSManagedObjectContext+Extensions.swift"; sourceTree = "<group>"; };
		1D490F4E22946FE100E6BD36 /* Managed.swift */ = {isa = PBXFileReference; fileEncoding = 4; lastKnownFileType = sourcecode.swift; path = Managed.swift; sourceTree = "<group>"; };
		1D490F612294717600E6BD36 /* TableViewDataSource.swift */ = {isa = PBXFileReference; lastKnownFileType = sourcecode.swift; path = TableViewDataSource.swift; sourceTree = "<group>"; };
		1DC7F44422943BE6004CBD41 /* Note.swift */ = {isa = PBXFileReference; lastKnownFileType = sourcecode.swift; path = Note.swift; sourceTree = "<group>"; };
		1DC7F44822944AB9004CBD41 /* DetaliedNoteVCReadingState.swift */ = {isa = PBXFileReference; lastKnownFileType = sourcecode.swift; path = DetaliedNoteVCReadingState.swift; sourceTree = "<group>"; };
		1DC7F44A22944AC2004CBD41 /* DetaliedNoteVCEditingState.swift */ = {isa = PBXFileReference; lastKnownFileType = sourcecode.swift; path = DetaliedNoteVCEditingState.swift; sourceTree = "<group>"; };
		1DC7F44C22944ACA004CBD41 /* DetaliedNoteVCInsertionState.swift */ = {isa = PBXFileReference; lastKnownFileType = sourcecode.swift; path = DetaliedNoteVCInsertionState.swift; sourceTree = "<group>"; };
		1DC8F48E22934AC200C1DBBD /* NoteCell.swift */ = {isa = PBXFileReference; lastKnownFileType = sourcecode.swift; path = NoteCell.swift; sourceTree = "<group>"; };
		1DC8F49122934BAB00C1DBBD /* Extension+Foundation.swift */ = {isa = PBXFileReference; lastKnownFileType = sourcecode.swift; path = "Extension+Foundation.swift"; sourceTree = "<group>"; };
		1DC8F49322934DA100C1DBBD /* Extension+UIKit.swift */ = {isa = PBXFileReference; lastKnownFileType = sourcecode.swift; path = "Extension+UIKit.swift"; sourceTree = "<group>"; };
		1DC8F49522934ECF00C1DBBD /* AppStoruboard.swift */ = {isa = PBXFileReference; lastKnownFileType = sourcecode.swift; path = AppStoruboard.swift; sourceTree = "<group>"; };
		75FD28E204686EB91FFCC1CE /* Pods_Notes.framework */ = {isa = PBXFileReference; explicitFileType = wrapper.framework; includeInIndex = 0; path = Pods_Notes.framework; sourceTree = BUILT_PRODUCTS_DIR; };
		7F4FFC051112681C03B77E90 /* Pods-Notes.debug.xcconfig */ = {isa = PBXFileReference; includeInIndex = 1; lastKnownFileType = text.xcconfig; name = "Pods-Notes.debug.xcconfig"; path = "Target Support Files/Pods-Notes/Pods-Notes.debug.xcconfig"; sourceTree = "<group>"; };
		F0D36BE7351314E6BE7F0E06 /* Pods-Notes.release.xcconfig */ = {isa = PBXFileReference; includeInIndex = 1; lastKnownFileType = text.xcconfig; name = "Pods-Notes.release.xcconfig"; path = "Target Support Files/Pods-Notes/Pods-Notes.release.xcconfig"; sourceTree = "<group>"; };
/* End PBXFileReference section */

/* Begin PBXFrameworksBuildPhase section */
		1D1F5A842293094000E2A2A7 /* Frameworks */ = {
			isa = PBXFrameworksBuildPhase;
			buildActionMask = 2147483647;
			files = (
				3A40AE7DE389F685DB2EBC50 /* Pods_Notes.framework in Frameworks */,
			);
			runOnlyForDeploymentPostprocessing = 0;
		};
/* End PBXFrameworksBuildPhase section */

/* Begin PBXGroup section */
		0BBA9AD201833D1B87C7F3BD /* Pods */ = {
			isa = PBXGroup;
			children = (
				7F4FFC051112681C03B77E90 /* Pods-Notes.debug.xcconfig */,
				F0D36BE7351314E6BE7F0E06 /* Pods-Notes.release.xcconfig */,
			);
			path = Pods;
			sourceTree = "<group>";
		};
		1D1F5A7E2293094000E2A2A7 = {
			isa = PBXGroup;
			children = (
				1D1F5A892293094000E2A2A7 /* Notes */,
				1D1F5A882293094000E2A2A7 /* Products */,
				0BBA9AD201833D1B87C7F3BD /* Pods */,
				6BCFFA1AC5058407D9BE3012 /* Frameworks */,
			);
			sourceTree = "<group>";
		};
		1D1F5A882293094000E2A2A7 /* Products */ = {
			isa = PBXGroup;
			children = (
				1D1F5A872293094000E2A2A7 /* Notes.app */,
			);
			name = Products;
			sourceTree = "<group>";
		};
		1D1F5A892293094000E2A2A7 /* Notes */ = {
			isa = PBXGroup;
			children = (
				1D490F4422946FE100E6BD36 /* Core Data Helpers */,
				1DC8F49B2293535E00C1DBBD /* Storyboard */,
				1DC8F49A229352BB00C1DBBD /* Support Files */,
				1DC8F4992293528B00C1DBBD /* Model */,
				1DC8F4982293528200C1DBBD /* View Controller */,
				1DC8F4972293527600C1DBBD /* View */,
				1DC8F49022934B5000C1DBBD /* Extension */,
				1D1F5A8A2293094000E2A2A7 /* AppDelegate.swift */,
				1DC8F49522934ECF00C1DBBD /* AppStoruboard.swift */,
				1D08F5EA22948BC10084AB11 /* AppManager.swift */,
				1D08F5E5229479E10084AB11 /* Notes.xcdatamodeld */,
				1D12CE1122955B29004AE0B0 /* Localizable.strings */,
			);
			path = Notes;
			sourceTree = "<group>";
		};
		1D490F4422946FE100E6BD36 /* Core Data Helpers */ = {
			isa = PBXGroup;
			children = (
				1D490F4522946FE100E6BD36 /* NSManagedObjectContext+Extensions.swift */,
				1D490F4E22946FE100E6BD36 /* Managed.swift */,
				1D490F612294717600E6BD36 /* TableViewDataSource.swift */,
				1D08F5EC22948C090084AB11 /* CoreDataStack.swift */,
			);
			path = "Core Data Helpers";
			sourceTree = "<group>";
		};
		1D490F632294750D00E6BD36 /* Entity */ = {
			isa = PBXGroup;
			children = (
				1DC7F44422943BE6004CBD41 /* Note.swift */,
			);
			path = Entity;
			sourceTree = "<group>";
		};
		1DC7F44622944A8D004CBD41 /* Detailed Note Block */ = {
			isa = PBXGroup;
			children = (
				1DC7F44722944AA0004CBD41 /* States */,
				1D1F5A9C2293363B00E2A2A7 /* DetailedNoteVC.swift */,
			);
			path = "Detailed Note Block";
			sourceTree = "<group>";
		};
		1DC7F44722944AA0004CBD41 /* States */ = {
			isa = PBXGroup;
			children = (
				1DC7F44822944AB9004CBD41 /* DetaliedNoteVCReadingState.swift */,
				1DC7F44A22944AC2004CBD41 /* DetaliedNoteVCEditingState.swift */,
				1DC7F44C22944ACA004CBD41 /* DetaliedNoteVCInsertionState.swift */,
			);
			path = States;
			sourceTree = "<group>";
		};
		1DC8F49022934B5000C1DBBD /* Extension */ = {
			isa = PBXGroup;
			children = (
				1D12CE1322955C98004AE0B0 /* Localization.swift */,
				1DC8F49122934BAB00C1DBBD /* Extension+Foundation.swift */,
				1DC8F49322934DA100C1DBBD /* Extension+UIKit.swift */,
				1D12CE0322955270004AE0B0 /* Extension.swift */,
			);
			path = Extension;
			sourceTree = "<group>";
		};
		1DC8F4972293527600C1DBBD /* View */ = {
			isa = PBXGroup;
			children = (
				1DC8F48E22934AC200C1DBBD /* NoteCell.swift */,
				1D08F5E822947BE80084AB11 /* EmptyTableView.swift */,
			);
			path = View;
			sourceTree = "<group>";
		};
		1DC8F4982293528200C1DBBD /* View Controller */ = {
			isa = PBXGroup;
			children = (
				1DC7F44622944A8D004CBD41 /* Detailed Note Block */,
				1D1F5A8C2293094000E2A2A7 /* NoteListVC.swift */,
			);
			path = "View Controller";
			sourceTree = "<group>";
		};
		1DC8F4992293528B00C1DBBD /* Model */ = {
			isa = PBXGroup;
			children = (
				1D490F632294750D00E6BD36 /* Entity */,
			);
			path = Model;
			sourceTree = "<group>";
		};
		1DC8F49A229352BB00C1DBBD /* Support Files */ = {
			isa = PBXGroup;
			children = (
				1D12CE2022956740004AE0B0 /* Info.plist */,
				1D1F5A912293094200E2A2A7 /* Assets.xcassets */,
			);
			path = "Support Files";
			sourceTree = "<group>";
		};
		1DC8F49B2293535E00C1DBBD /* Storyboard */ = {
			isa = PBXGroup;
			children = (
				1D1F5A932293094200E2A2A7 /* LaunchScreen.storyboard */,
				1D1F5A8E2293094000E2A2A7 /* Main.storyboard */,
			);
			path = Storyboard;
			sourceTree = "<group>";
		};
		6BCFFA1AC5058407D9BE3012 /* Frameworks */ = {
			isa = PBXGroup;
			children = (
				75FD28E204686EB91FFCC1CE /* Pods_Notes.framework */,
			);
			name = Frameworks;
			sourceTree = "<group>";
		};
/* End PBXGroup section */

/* Begin PBXNativeTarget section */
		1D1F5A862293094000E2A2A7 /* Notes */ = {
			isa = PBXNativeTarget;
			buildConfigurationList = 1D1F5A992293094200E2A2A7 /* Build configuration list for PBXNativeTarget "Notes" */;
			buildPhases = (
				A33CB26E5637DB1F31BE4677 /* [CP] Check Pods Manifest.lock */,
				1D1F5A832293094000E2A2A7 /* Sources */,
				1D1F5A842293094000E2A2A7 /* Frameworks */,
				1D1F5A852293094000E2A2A7 /* Resources */,
				C1EE1429F169B66BF895755B /* [CP] Embed Pods Frameworks */,
			);
			buildRules = (
			);
			dependencies = (
			);
			name = Notes;
			productName = Notes;
			productReference = 1D1F5A872293094000E2A2A7 /* Notes.app */;
			productType = "com.apple.product-type.application";
		};
/* End PBXNativeTarget section */

/* Begin PBXProject section */
		1D1F5A7F2293094000E2A2A7 /* Project object */ = {
			isa = PBXProject;
			attributes = {
				LastSwiftUpdateCheck = 1020;
				LastUpgradeCheck = 1020;
				ORGANIZATIONNAME = NSMedium;
				TargetAttributes = {
					1D1F5A862293094000E2A2A7 = {
						CreatedOnToolsVersion = 10.2;
					};
				};
			};
			buildConfigurationList = 1D1F5A822293094000E2A2A7 /* Build configuration list for PBXProject "Notes" */;
			compatibilityVersion = "Xcode 9.3";
			developmentRegion = en;
			hasScannedForEncodings = 0;
			knownRegions = (
				Base,
				ru,
				en,
			);
			mainGroup = 1D1F5A7E2293094000E2A2A7;
			productRefGroup = 1D1F5A882293094000E2A2A7 /* Products */;
			projectDirPath = "";
			projectRoot = "";
			targets = (
				1D1F5A862293094000E2A2A7 /* Notes */,
			);
		};
/* End PBXProject section */

/* Begin PBXResourcesBuildPhase section */
		1D1F5A852293094000E2A2A7 /* Resources */ = {
			isa = PBXResourcesBuildPhase;
			buildActionMask = 2147483647;
			files = (
				1D1F5A952293094200E2A2A7 /* LaunchScreen.storyboard in Resources */,
				1D12CE0F22955B29004AE0B0 /* Localizable.strings in Resources */,
				1D1F5A922293094200E2A2A7 /* Assets.xcassets in Resources */,
				1D1F5A902293094000E2A2A7 /* Main.storyboard in Resources */,
			);
			runOnlyForDeploymentPostprocessing = 0;
		};
/* End PBXResourcesBuildPhase section */

/* Begin PBXShellScriptBuildPhase section */
		A33CB26E5637DB1F31BE4677 /* [CP] Check Pods Manifest.lock */ = {
			isa = PBXShellScriptBuildPhase;
			buildActionMask = 2147483647;
			files = (
			);
			inputFileListPaths = (
			);
			inputPaths = (
				"${PODS_PODFILE_DIR_PATH}/Podfile.lock",
				"${PODS_ROOT}/Manifest.lock",
			);
			name = "[CP] Check Pods Manifest.lock";
			outputFileListPaths = (
			);
			outputPaths = (
				"$(DERIVED_FILE_DIR)/Pods-Notes-checkManifestLockResult.txt",
			);
			runOnlyForDeploymentPostprocessing = 0;
			shellPath = /bin/sh;
			shellScript = "diff \"${PODS_PODFILE_DIR_PATH}/Podfile.lock\" \"${PODS_ROOT}/Manifest.lock\" > /dev/null\nif [ $? != 0 ] ; then\n    # print error to STDERR\n    echo \"error: The sandbox is not in sync with the Podfile.lock. Run 'pod install' or update your CocoaPods installation.\" >&2\n    exit 1\nfi\n# This output is used by Xcode 'outputs' to avoid re-running this script phase.\necho \"SUCCESS\" > \"${SCRIPT_OUTPUT_FILE_0}\"\n";
			showEnvVarsInLog = 0;
		};
		C1EE1429F169B66BF895755B /* [CP] Embed Pods Frameworks */ = {
			isa = PBXShellScriptBuildPhase;
			buildActionMask = 2147483647;
			files = (
			);
			inputFileListPaths = (
			);
			inputPaths = (
				"${PODS_ROOT}/Target Support Files/Pods-Notes/Pods-Notes-frameworks.sh",
				"${BUILT_PRODUCTS_DIR}/IQKeyboardManagerSwift/IQKeyboardManagerSwift.framework",
			);
			name = "[CP] Embed Pods Frameworks";
			outputFileListPaths = (
			);
			outputPaths = (
				"${TARGET_BUILD_DIR}/${FRAMEWORKS_FOLDER_PATH}/IQKeyboardManagerSwift.framework",
			);
			runOnlyForDeploymentPostprocessing = 0;
			shellPath = /bin/sh;
			shellScript = "\"${PODS_ROOT}/Target Support Files/Pods-Notes/Pods-Notes-frameworks.sh\"\n";
			showEnvVarsInLog = 0;
		};
/* End PBXShellScriptBuildPhase section */

/* Begin PBXSourcesBuildPhase section */
		1D1F5A832293094000E2A2A7 /* Sources */ = {
			isa = PBXSourcesBuildPhase;
			buildActionMask = 2147483647;
			files = (
				1D490F622294717600E6BD36 /* TableViewDataSource.swift in Sources */,
				1DC7F44922944AB9004CBD41 /* DetaliedNoteVCReadingState.swift in Sources */,
				1D08F5E7229479E10084AB11 /* Notes.xcdatamodeld in Sources */,
				1D12CE0422955270004AE0B0 /* Extension.swift in Sources */,
				1D08F5E922947BE80084AB11 /* EmptyTableView.swift in Sources */,
				1DC8F49422934DA100C1DBBD /* Extension+UIKit.swift in Sources */,
				1D08F5ED22948C0A0084AB11 /* CoreDataStack.swift in Sources */,
				1DC7F44D22944ACA004CBD41 /* DetaliedNoteVCInsertionState.swift in Sources */,
				1D490F5322946FE100E6BD36 /* NSManagedObjectContext+Extensions.swift in Sources */,
				1D490F5C22946FE100E6BD36 /* Managed.swift in Sources */,
				1D1F5A8D2293094000E2A2A7 /* NoteListVC.swift in Sources */,
				1D1F5A9D2293363B00E2A2A7 /* DetailedNoteVC.swift in Sources */,
				1D12CE1422955C98004AE0B0 /* Localization.swift in Sources */,
				1D08F5EB22948BC10084AB11 /* AppManager.swift in Sources */,
				1DC7F44B22944AC2004CBD41 /* DetaliedNoteVCEditingState.swift in Sources */,
				1DC8F49222934BAB00C1DBBD /* Extension+Foundation.swift in Sources */,
				1DC7F44522943BE6004CBD41 /* Note.swift in Sources */,
				1DC8F49622934ECF00C1DBBD /* AppStoruboard.swift in Sources */,
				1D1F5A8B2293094000E2A2A7 /* AppDelegate.swift in Sources */,
				1DC8F48F22934AC200C1DBBD /* NoteCell.swift in Sources */,
			);
			runOnlyForDeploymentPostprocessing = 0;
		};
/* End PBXSourcesBuildPhase section */

/* Begin PBXVariantGroup section */
		1D12CE1122955B29004AE0B0 /* Localizable.strings */ = {
			isa = PBXVariantGroup;
			children = (
				1D12CE1022955B29004AE0B0 /* ru */,
				1D12CE1222955B30004AE0B0 /* en */,
			);
			name = Localizable.strings;
			sourceTree = "<group>";
		};
		1D1F5A8E2293094000E2A2A7 /* Main.storyboard */ = {
			isa = PBXVariantGroup;
			children = (
				1D1F5A8F2293094000E2A2A7 /* Base */,
			);
			name = Main.storyboard;
			sourceTree = "<group>";
		};
		1D1F5A932293094200E2A2A7 /* LaunchScreen.storyboard */ = {
			isa = PBXVariantGroup;
			children = (
				1D1F5A942293094200E2A2A7 /* Base */,
			);
			name = LaunchScreen.storyboard;
			sourceTree = "<group>";
		};
/* End PBXVariantGroup section */

/* Begin XCBuildConfiguration section */
		1D1F5A972293094200E2A2A7 /* Debug */ = {
			isa = XCBuildConfiguration;
			buildSettings = {
				ALWAYS_SEARCH_USER_PATHS = NO;
				CLANG_ANALYZER_LOCALIZABILITY_NONLOCALIZED = YES;
				CLANG_ANALYZER_NONNULL = YES;
				CLANG_ANALYZER_NUMBER_OBJECT_CONVERSION = YES_AGGRESSIVE;
				CLANG_CXX_LANGUAGE_STANDARD = "gnu++14";
				CLANG_CXX_LIBRARY = "libc++";
				CLANG_ENABLE_MODULES = YES;
				CLANG_ENABLE_OBJC_ARC = YES;
				CLANG_ENABLE_OBJC_WEAK = YES;
				CLANG_WARN_BLOCK_CAPTURE_AUTORELEASING = YES;
				CLANG_WARN_BOOL_CONVERSION = YES;
				CLANG_WARN_COMMA = YES;
				CLANG_WARN_CONSTANT_CONVERSION = YES;
				CLANG_WARN_DEPRECATED_OBJC_IMPLEMENTATIONS = YES;
				CLANG_WARN_DIRECT_OBJC_ISA_USAGE = YES_ERROR;
				CLANG_WARN_DOCUMENTATION_COMMENTS = YES;
				CLANG_WARN_EMPTY_BODY = YES;
				CLANG_WARN_ENUM_CONVERSION = YES;
				CLANG_WARN_INFINITE_RECURSION = YES;
				CLANG_WARN_INT_CONVERSION = YES;
				CLANG_WARN_NON_LITERAL_NULL_CONVERSION = YES;
				CLANG_WARN_OBJC_IMPLICIT_RETAIN_SELF = YES;
				CLANG_WARN_OBJC_LITERAL_CONVERSION = YES;
				CLANG_WARN_OBJC_ROOT_CLASS = YES_ERROR;
				CLANG_WARN_RANGE_LOOP_ANALYSIS = YES;
				CLANG_WARN_STRICT_PROTOTYPES = YES;
				CLANG_WARN_SUSPICIOUS_MOVE = YES;
				CLANG_WARN_UNGUARDED_AVAILABILITY = YES_AGGRESSIVE;
				CLANG_WARN_UNREACHABLE_CODE = YES;
				CLANG_WARN__DUPLICATE_METHOD_MATCH = YES;
				CODE_SIGN_IDENTITY = "iPhone Developer";
				COPY_PHASE_STRIP = NO;
				DEBUG_INFORMATION_FORMAT = dwarf;
				ENABLE_STRICT_OBJC_MSGSEND = YES;
				ENABLE_TESTABILITY = YES;
				GCC_C_LANGUAGE_STANDARD = gnu11;
				GCC_DYNAMIC_NO_PIC = NO;
				GCC_NO_COMMON_BLOCKS = YES;
				GCC_OPTIMIZATION_LEVEL = 0;
				GCC_PREPROCESSOR_DEFINITIONS = (
					"DEBUG=1",
					"$(inherited)",
				);
				GCC_WARN_64_TO_32_BIT_CONVERSION = YES;
				GCC_WARN_ABOUT_RETURN_TYPE = YES_ERROR;
				GCC_WARN_UNDECLARED_SELECTOR = YES;
				GCC_WARN_UNINITIALIZED_AUTOS = YES_AGGRESSIVE;
				GCC_WARN_UNUSED_FUNCTION = YES;
				GCC_WARN_UNUSED_VARIABLE = YES;
				IPHONEOS_DEPLOYMENT_TARGET = 12.2;
				MTL_ENABLE_DEBUG_INFO = INCLUDE_SOURCE;
				MTL_FAST_MATH = YES;
				ONLY_ACTIVE_ARCH = YES;
				SDKROOT = iphoneos;
				SWIFT_ACTIVE_COMPILATION_CONDITIONS = DEBUG;
				SWIFT_OPTIMIZATION_LEVEL = "-Onone";
			};
			name = Debug;
		};
		1D1F5A982293094200E2A2A7 /* Release */ = {
			isa = XCBuildConfiguration;
			buildSettings = {
				ALWAYS_SEARCH_USER_PATHS = NO;
				CLANG_ANALYZER_LOCALIZABILITY_NONLOCALIZED = YES;
				CLANG_ANALYZER_NONNULL = YES;
				CLANG_ANALYZER_NUMBER_OBJECT_CONVERSION = YES_AGGRESSIVE;
				CLANG_CXX_LANGUAGE_STANDARD = "gnu++14";
				CLANG_CXX_LIBRARY = "libc++";
				CLANG_ENABLE_MODULES = YES;
				CLANG_ENABLE_OBJC_ARC = YES;
				CLANG_ENABLE_OBJC_WEAK = YES;
				CLANG_WARN_BLOCK_CAPTURE_AUTORELEASING = YES;
				CLANG_WARN_BOOL_CONVERSION = YES;
				CLANG_WARN_COMMA = YES;
				CLANG_WARN_CONSTANT_CONVERSION = YES;
				CLANG_WARN_DEPRECATED_OBJC_IMPLEMENTATIONS = YES;
				CLANG_WARN_DIRECT_OBJC_ISA_USAGE = YES_ERROR;
				CLANG_WARN_DOCUMENTATION_COMMENTS = YES;
				CLANG_WARN_EMPTY_BODY = YES;
				CLANG_WARN_ENUM_CONVERSION = YES;
				CLANG_WARN_INFINITE_RECURSION = YES;
				CLANG_WARN_INT_CONVERSION = YES;
				CLANG_WARN_NON_LITERAL_NULL_CONVERSION = YES;
				CLANG_WARN_OBJC_IMPLICIT_RETAIN_SELF = YES;
				CLANG_WARN_OBJC_LITERAL_CONVERSION = YES;
				CLANG_WARN_OBJC_ROOT_CLASS = YES_ERROR;
				CLANG_WARN_RANGE_LOOP_ANALYSIS = YES;
				CLANG_WARN_STRICT_PROTOTYPES = YES;
				CLANG_WARN_SUSPICIOUS_MOVE = YES;
				CLANG_WARN_UNGUARDED_AVAILABILITY = YES_AGGRESSIVE;
				CLANG_WARN_UNREACHABLE_CODE = YES;
				CLANG_WARN__DUPLICATE_METHOD_MATCH = YES;
				CODE_SIGN_IDENTITY = "iPhone Developer";
				COPY_PHASE_STRIP = NO;
				DEBUG_INFORMATION_FORMAT = "dwarf-with-dsym";
				ENABLE_NS_ASSERTIONS = NO;
				ENABLE_STRICT_OBJC_MSGSEND = YES;
				GCC_C_LANGUAGE_STANDARD = gnu11;
				GCC_NO_COMMON_BLOCKS = YES;
				GCC_WARN_64_TO_32_BIT_CONVERSION = YES;
				GCC_WARN_ABOUT_RETURN_TYPE = YES_ERROR;
				GCC_WARN_UNDECLARED_SELECTOR = YES;
				GCC_WARN_UNINITIALIZED_AUTOS = YES_AGGRESSIVE;
				GCC_WARN_UNUSED_FUNCTION = YES;
				GCC_WARN_UNUSED_VARIABLE = YES;
				IPHONEOS_DEPLOYMENT_TARGET = 12.2;
				MTL_ENABLE_DEBUG_INFO = NO;
				MTL_FAST_MATH = YES;
				SDKROOT = iphoneos;
				SWIFT_COMPILATION_MODE = wholemodule;
				SWIFT_OPTIMIZATION_LEVEL = "-O";
				VALIDATE_PRODUCT = YES;
			};
			name = Release;
		};
		1D1F5A9A2293094200E2A2A7 /* Debug */ = {
			isa = XCBuildConfiguration;
			baseConfigurationReference = 7F4FFC051112681C03B77E90 /* Pods-Notes.debug.xcconfig */;
			buildSettings = {
				ASSETCATALOG_COMPILER_APPICON_NAME = AppIcon;
				CODE_SIGN_STYLE = Automatic;
				DEVELOPMENT_TEAM = 3P74G2ZK6A;
				INFOPLIST_FILE = "$(SRCROOT)/Notes/Support Files/Info.plist";
				IPHONEOS_DEPLOYMENT_TARGET = 11.0;
				LD_RUNPATH_SEARCH_PATHS = (
					"$(inherited)",
					"@executable_path/Frameworks",
				);
				PRODUCT_BUNDLE_IDENTIFIER = com.nsmedium.notes.Notes;
				PRODUCT_NAME = "$(TARGET_NAME)";
				SWIFT_VERSION = 5.0;
				TARGETED_DEVICE_FAMILY = "1,2";
			};
			name = Debug;
		};
		1D1F5A9B2293094200E2A2A7 /* Release */ = {
			isa = XCBuildConfiguration;
			baseConfigurationReference = F0D36BE7351314E6BE7F0E06 /* Pods-Notes.release.xcconfig */;
			buildSettings = {
				ASSETCATALOG_COMPILER_APPICON_NAME = AppIcon;
				CODE_SIGN_STYLE = Automatic;
				DEVELOPMENT_TEAM = 3P74G2ZK6A;
				INFOPLIST_FILE = "$(SRCROOT)/Notes/Support Files/Info.plist";
				IPHONEOS_DEPLOYMENT_TARGET = 11.0;
				LD_RUNPATH_SEARCH_PATHS = (
					"$(inherited)",
					"@executable_path/Frameworks",
				);
				PRODUCT_BUNDLE_IDENTIFIER = com.nsmedium.notes.Notes;
				PRODUCT_NAME = "$(TARGET_NAME)";
				SWIFT_VERSION = 5.0;
				TARGETED_DEVICE_FAMILY = "1,2";
			};
			name = Release;
		};
/* End XCBuildConfiguration section */

/* Begin XCConfigurationList section */
		1D1F5A822293094000E2A2A7 /* Build configuration list for PBXProject "Notes" */ = {
			isa = XCConfigurationList;
			buildConfigurations = (
				1D1F5A972293094200E2A2A7 /* Debug */,
				1D1F5A982293094200E2A2A7 /* Release */,
			);
			defaultConfigurationIsVisible = 0;
			defaultConfigurationName = Release;
		};
		1D1F5A992293094200E2A2A7 /* Build configuration list for PBXNativeTarget "Notes" */ = {
			isa = XCConfigurationList;
			buildConfigurations = (
				1D1F5A9A2293094200E2A2A7 /* Debug */,
				1D1F5A9B2293094200E2A2A7 /* Release */,
			);
			defaultConfigurationIsVisible = 0;
			defaultConfigurationName = Release;
		};
/* End XCConfigurationList section */

/* Begin XCVersionGroup section */
		1D08F5E5229479E10084AB11 /* Notes.xcdatamodeld */ = {
			isa = XCVersionGroup;
			children = (
				1D08F5E6229479E10084AB11 /* Notes.xcdatamodel */,
			);
			currentVersion = 1D08F5E6229479E10084AB11 /* Notes.xcdatamodel */;
			path = Notes.xcdatamodeld;
			sourceTree = "<group>";
			versionGroupType = wrapper.xcdatamodel;
		};
/* End XCVersionGroup section */
	};
	rootObject = 1D1F5A7F2293094000E2A2A7 /* Project object */;
}
